{
    "_readme": [
        "This file locks the dependencies of your project to a known state",
        "Read more about it at https://getcomposer.org/doc/01-basic-usage.md#composer-lock-the-lock-file",
        "This file is @generated automatically"
    ],
    "content-hash": "5423eb96c1d60ef6229d3dbdd4754f11",
    "packages": [
        {
            "name": "zendframework/zend-console",
            "version": "2.6.0",
            "source": {
                "type": "git",
                "url": "https://github.com/zendframework/zend-console.git",
                "reference": "cbbdfdfa0564aa20d1c6c6ef3daeafe6aec02360"
            },
            "dist": {
                "type": "zip",
                "url": "https://api.github.com/repos/zendframework/zend-console/zipball/cbbdfdfa0564aa20d1c6c6ef3daeafe6aec02360",
                "reference": "cbbdfdfa0564aa20d1c6c6ef3daeafe6aec02360",
                "shasum": ""
            },
            "require": {
                "php": "^5.5 || ^7.0",
                "zendframework/zend-stdlib": "^2.7 || ^3.0"
            },
            "require-dev": {
                "fabpot/php-cs-fixer": "1.7.*",
                "phpunit/phpunit": "^4.0",
                "zendframework/zend-filter": "^2.6",
                "zendframework/zend-json": "^2.6",
                "zendframework/zend-validator": "^2.5"
            },
            "suggest": {
                "zendframework/zend-filter": "To support DefaultRouteMatcher usage",
                "zendframework/zend-validator": "To support DefaultRouteMatcher usage"
            },
            "type": "library",
            "extra": {
                "branch-alias": {
                    "dev-master": "2.6-dev",
                    "dev-develop": "2.7-dev"
                }
            },
            "autoload": {
                "psr-4": {
                    "Zend\\Console\\": "src/"
                }
            },
            "notification-url": "https://packagist.org/downloads/",
            "license": [
                "BSD-3-Clause"
            ],
            "homepage": "https://github.com/zendframework/zend-console",
            "keywords": [
                "console",
                "zf2"
            ],
            "time": "2016-02-09T17:15:12+00:00"
        },
        {
            "name": "zendframework/zend-file",
            "version": "2.7.1",
            "source": {
                "type": "git",
                "url": "https://github.com/zendframework/zend-file.git",
                "reference": "888fd4852432ee61ffd48a66b6812387b4f83c02"
            },
            "dist": {
                "type": "zip",
                "url": "https://api.github.com/repos/zendframework/zend-file/zipball/888fd4852432ee61ffd48a66b6812387b4f83c02",
                "reference": "888fd4852432ee61ffd48a66b6812387b4f83c02",
                "shasum": ""
            },
            "require": {
                "php": "^5.5 || ^7.0",
                "zendframework/zend-stdlib": "^2.7 || ^3.0"
            },
            "require-dev": {
                "fabpot/php-cs-fixer": "1.7.*",
                "phpunit/phpunit": "~4.0",
                "zendframework/zend-coding-standard": "~1.0.0",
                "zendframework/zend-filter": "^2.6.1",
                "zendframework/zend-i18n": "^2.6",
                "zendframework/zend-progressbar": "^2.5.2",
                "zendframework/zend-servicemanager": "^2.7.5 || ^3.0.3",
                "zendframework/zend-session": "^2.6.2",
                "zendframework/zend-validator": "^2.6"
            },
            "suggest": {
                "zendframework/zend-filter": "Zend\\Filter component",
                "zendframework/zend-i18n": "Zend\\I18n component",
                "zendframework/zend-validator": "Zend\\Validator component"
            },
            "type": "library",
            "extra": {
                "branch-alias": {
                    "dev-master": "2.7-dev",
                    "dev-develop": "2.8-dev"
                }
            },
            "autoload": {
                "psr-4": {
                    "Zend\\File\\": "src/"
                }
            },
            "notification-url": "https://packagist.org/downloads/",
            "license": [
                "BSD-3-Clause"
            ],
            "homepage": "https://github.com/zendframework/zend-file",
            "keywords": [
                "file",
                "zf2"
            ],
            "time": "2017-01-11T17:07:45+00:00"
        },
        {
            "name": "zendframework/zend-loader",
            "version": "2.5.1",
            "source": {
                "type": "git",
                "url": "https://github.com/zendframework/zend-loader.git",
                "reference": "c5fd2f071bde071f4363def7dea8dec7393e135c"
            },
            "dist": {
                "type": "zip",
                "url": "https://api.github.com/repos/zendframework/zend-loader/zipball/c5fd2f071bde071f4363def7dea8dec7393e135c",
                "reference": "c5fd2f071bde071f4363def7dea8dec7393e135c",
                "shasum": ""
            },
            "require": {
                "php": ">=5.3.23"
            },
            "require-dev": {
                "fabpot/php-cs-fixer": "1.7.*",
                "phpunit/phpunit": "~4.0"
            },
            "type": "library",
            "extra": {
                "branch-alias": {
                    "dev-master": "2.5-dev",
                    "dev-develop": "2.6-dev"
                }
            },
            "autoload": {
                "psr-4": {
                    "Zend\\Loader\\": "src/"
                }
            },
            "notification-url": "https://packagist.org/downloads/",
            "license": [
                "BSD-3-Clause"
            ],
            "homepage": "https://github.com/zendframework/zend-loader",
            "keywords": [
                "loader",
                "zf2"
            ],
            "time": "2015-06-03T14:05:47+00:00"
        },
        {
            "name": "zendframework/zend-stdlib",
            "version": "3.1.0",
            "source": {
                "type": "git",
                "url": "https://github.com/zendframework/zend-stdlib.git",
                "reference": "debedcfc373a293f9250cc9aa03cf121428c8e78"
            },
            "dist": {
                "type": "zip",
                "url": "https://api.github.com/repos/zendframework/zend-stdlib/zipball/debedcfc373a293f9250cc9aa03cf121428c8e78",
                "reference": "debedcfc373a293f9250cc9aa03cf121428c8e78",
                "shasum": ""
            },
            "require": {
                "php": "^5.6 || ^7.0"
            },
            "require-dev": {
                "athletic/athletic": "~0.1",
                "phpunit/phpunit": "~4.0",
                "squizlabs/php_codesniffer": "^2.6.2"
            },
            "type": "library",
            "extra": {
                "branch-alias": {
                    "dev-master": "3.1-dev",
                    "dev-develop": "3.2-dev"
                }
            },
            "autoload": {
                "psr-4": {
                    "Zend\\Stdlib\\": "src/"
                }
            },
            "notification-url": "https://packagist.org/downloads/",
            "license": [
                "BSD-3-Clause"
            ],
            "homepage": "https://github.com/zendframework/zend-stdlib",
            "keywords": [
                "stdlib",
                "zf2"
            ],
            "time": "2016-09-13T14:38:50+00:00"
        }
    ],
    "packages-dev": [],
    "aliases": [],
    "minimum-stability": "stable",
    "stability-flags": [],
    "prefer-stable": false,
    "prefer-lowest": false,
    "platform": {
        "php": "^5.5 || ^7.0"
    },
    "platform-dev": []
}
